
Microsoft Visual Studio Solution File, Format Version 12.00
# Visual Studio Version 16
VisualStudioVersion = 16.0.31729.503
MinimumVisualStudioVersion = 10.0.40219.1
Project("{9A19103F-16F7-4668-BE54-9A1E7A4F7556}") = "OkEntrega.Infra.Data", "OkEntrega.Infra.Data\OkEntrega.Infra.Data.csproj", "{0441E36D-E608-4D25-8486-4CA52328A32B}"
EndProject
Project("{9A19103F-16F7-4668-BE54-9A1E7A4F7556}") = "OkEntrega.Dominio", "OkEntrega.Dominio\OkEntrega.Dominio.csproj", "{EB216077-6456-4FC9-B552-E679075AA3BE}"
EndProject
Project("{9A19103F-16F7-4668-BE54-9A1E7A4F7556}") = "OkEntrega.Comum", "OkEntrega.Comum\OkEntrega.Comum.csproj", "{743EA3F0-1336-4353-871F-4D4F8B88A581}"
EndProject
Project("{9A19103F-16F7-4668-BE54-9A1E7A4F7556}") = "OkEntrega.Api", "OkEntrega.Api\OkEntrega.Api.csproj", "{F96A11DB-138E-44BE-9FD8-81A6287DF878}"
EndProject
Global
	GlobalSection(SolutionConfigurationPlatforms) = preSolution
		Debug|Any CPU = Debug|Any CPU
		Release|Any CPU = Release|Any CPU
	EndGlobalSection
	GlobalSection(ProjectConfigurationPlatforms) = postSolution
		{0441E36D-E608-4D25-8486-4CA52328A32B}.Debug|Any CPU.ActiveCfg = Debug|Any CPU
		{0441E36D-E608-4D25-8486-4CA52328A32B}.Debug|Any CPU.Build.0 = Debug|Any CPU
		{0441E36D-E608-4D25-8486-4CA52328A32B}.Release|Any CPU.ActiveCfg = Release|Any CPU
		{0441E36D-E608-4D25-8486-4CA52328A32B}.Release|Any CPU.Build.0 = Release|Any CPU
		{EB216077-6456-4FC9-B552-E679075AA3BE}.Debug|Any CPU.ActiveCfg = Debug|Any CPU
		{EB216077-6456-4FC9-B552-E679075AA3BE}.Debug|Any CPU.Build.0 = Debug|Any CPU
		{EB216077-6456-4FC9-B552-E679075AA3BE}.Release|Any CPU.ActiveCfg = Release|Any CPU
		{EB216077-6456-4FC9-B552-E679075AA3BE}.Release|Any CPU.Build.0 = Release|Any CPU
		{743EA3F0-1336-4353-871F-4D4F8B88A581}.Debug|Any CPU.ActiveCfg = Debug|Any CPU
		{743EA3F0-1336-4353-871F-4D4F8B88A581}.Debug|Any CPU.Build.0 = Debug|Any CPU
		{743EA3F0-1336-4353-871F-4D4F8B88A581}.Release|Any CPU.ActiveCfg = Release|Any CPU
		{743EA3F0-1336-4353-871F-4D4F8B88A581}.Release|Any CPU.Build.0 = Release|Any CPU
		{F96A11DB-138E-44BE-9FD8-81A6287DF878}.Debug|Any CPU.ActiveCfg = Debug|Any CPU
		{F96A11DB-138E-44BE-9FD8-81A6287DF878}.Debug|Any CPU.Build.0 = Debug|Any CPU
		{F96A11DB-138E-44BE-9FD8-81A6287DF878}.Release|Any CPU.ActiveCfg = Release|Any CPU
		{F96A11DB-138E-44BE-9FD8-81A6287DF878}.Release|Any CPU.Build.0 = Release|Any CPU
	EndGlobalSection
	GlobalSection(SolutionProperties) = preSolution
		HideSolutionNode = FALSE
	EndGlobalSection
	GlobalSection(ExtensibilityGlobals) = postSolution
		SolutionGuid = {AE823C7D-8CE4-4B05-B951-0F75F24740C5}
	EndGlobalSection
EndGlobal
